
Microsoft Visual Studio Solution File, Format Version 12.00
# Visual Studio Version 17
VisualStudioVersion = 17.5.002.0
MinimumVisualStudioVersion = 10.0.40219.1
Project("{9A19103F-16F7-4668-BE54-9A1E7A4F7556}") = "Comparacao", "Comparacao.csproj", "{64D5DDFD-50F7-4C94-A1DB-66418619A73B}"
EndProject
Global
	GlobalSection(SolutionConfigurationPlatforms) = preSolution
		Debug|Any CPU = Debug|Any CPU
		Release|Any CPU = Release|Any CPU
	EndGlobalSection
	GlobalSection(ProjectConfigurationPlatforms) = postSolution
		{64D5DDFD-50F7-4C94-A1DB-66418619A73B}.Debug|Any CPU.ActiveCfg = Debug|Any CPU
		{64D5DDFD-50F7-4C94-A1DB-66418619A73B}.Debug|Any CPU.Build.0 = Debug|Any CPU
		{64D5DDFD-50F7-4C94-A1DB-66418619A73B}.Release|Any CPU.ActiveCfg = Release|Any CPU
		{64D5DDFD-50F7-4C94-A1DB-66418619A73B}.Release|Any CPU.Build.0 = Release|Any CPU
	EndGlobalSection
	GlobalSection(SolutionProperties) = preSolution
		HideSolutionNode = FALSE
	EndGlobalSection
	GlobalSection(ExtensibilityGlobals) = postSolution
		SolutionGuid = {C9549C4A-FDF7-471A-89FB-9784711388D0}
	EndGlobalSection
EndGlobal
